
Microsoft Visual Studio Solution File, Format Version 12.00
# Visual Studio Version 17
VisualStudioVersion = 17.2.32630.192
MinimumVisualStudioVersion = 10.0.40219.1
Project("{2150E333-8FDC-42A3-9474-1A3956D46DE8}") = "01.Domain", "01.Domain", "{720467AD-AB6C-4516-89DF-30E38E3435E1}"
EndProject
Project("{2150E333-8FDC-42A3-9474-1A3956D46DE8}") = "02.Services", "02.Services", "{FCCED92B-4167-4F02-8180-CBEC7AA8E186}"
EndProject
Project("{2150E333-8FDC-42A3-9474-1A3956D46DE8}") = "04.EndPoint", "04.EndPoint", "{1315EB90-9F8A-41D3-AD25-719E6723344D}"
EndProject
Project("{2150E333-8FDC-42A3-9474-1A3956D46DE8}") = "03.Infrastructure", "03.Infrastructure", "{58764E36-B2ED-4F11-9292-3096DB0F9883}"
EndProject
Project("{FAE04EC0-301F-11D3-BF4B-00C04F79EFBC}") = "MiMWebsite.Contracts", "MiMWebsite.Contracts\MiMWebsite.Contracts.csproj", "{C696A059-70D0-4F2E-8FAF-4180D35BAE2A}"
EndProject
Project("{FAE04EC0-301F-11D3-BF4B-00C04F79EFBC}") = "MiMWebsite.Core", "MiMWebsite.Domains\MiMWebsite.Core.csproj", "{0CFB2CCB-03CA-4C60-B6B3-AEF5211A582A}"
EndProject
Project("{FAE04EC0-301F-11D3-BF4B-00C04F79EFBC}") = "MiMWebsite.Service", "MiMWebsite.Service\MiMWebsite.Service.csproj", "{107F8112-1091-4810-9C77-64C43DD2419C}"
EndProject
Project("{FAE04EC0-301F-11D3-BF4B-00C04F79EFBC}") = "MiMWebsite.Infra", "MiMWebsite.Infra\MiMWebsite.Infra.csproj", "{7F8F7881-214C-45E5-BB99-7339412D1681}"
EndProject
Project("{FAE04EC0-301F-11D3-BF4B-00C04F79EFBC}") = "MiMWebsite.Enspoint.UI", "MiMWebsite.Enspoint.UI\MiMWebsite.Enspoint.UI.csproj", "{915B87F2-3234-4CEA-82B2-90E6EF77DD2E}"
EndProject
Global
	GlobalSection(SolutionConfigurationPlatforms) = preSolution
		Debug|Any CPU = Debug|Any CPU
		Release|Any CPU = Release|Any CPU
	EndGlobalSection
	GlobalSection(ProjectConfigurationPlatforms) = postSolution
		{C696A059-70D0-4F2E-8FAF-4180D35BAE2A}.Debug|Any CPU.ActiveCfg = Debug|Any CPU
		{C696A059-70D0-4F2E-8FAF-4180D35BAE2A}.Debug|Any CPU.Build.0 = Debug|Any CPU
		{C696A059-70D0-4F2E-8FAF-4180D35BAE2A}.Release|Any CPU.ActiveCfg = Release|Any CPU
		{C696A059-70D0-4F2E-8FAF-4180D35BAE2A}.Release|Any CPU.Build.0 = Release|Any CPU
		{0CFB2CCB-03CA-4C60-B6B3-AEF5211A582A}.Debug|Any CPU.ActiveCfg = Debug|Any CPU
		{0CFB2CCB-03CA-4C60-B6B3-AEF5211A582A}.Debug|Any CPU.Build.0 = Debug|Any CPU
		{0CFB2CCB-03CA-4C60-B6B3-AEF5211A582A}.Release|Any CPU.ActiveCfg = Release|Any CPU
		{0CFB2CCB-03CA-4C60-B6B3-AEF5211A582A}.Release|Any CPU.Build.0 = Release|Any CPU
		{107F8112-1091-4810-9C77-64C43DD2419C}.Debug|Any CPU.ActiveCfg = Debug|Any CPU
		{107F8112-1091-4810-9C77-64C43DD2419C}.Debug|Any CPU.Build.0 = Debug|Any CPU
		{107F8112-1091-4810-9C77-64C43DD2419C}.Release|Any CPU.ActiveCfg = Release|Any CPU
		{107F8112-1091-4810-9C77-64C43DD2419C}.Release|Any CPU.Build.0 = Release|Any CPU
		{7F8F7881-214C-45E5-BB99-7339412D1681}.Debug|Any CPU.ActiveCfg = Debug|Any CPU
		{7F8F7881-214C-45E5-BB99-7339412D1681}.Debug|Any CPU.Build.0 = Debug|Any CPU
		{7F8F7881-214C-45E5-BB99-7339412D1681}.Release|Any CPU.ActiveCfg = Release|Any CPU
		{7F8F7881-214C-45E5-BB99-7339412D1681}.Release|Any CPU.Build.0 = Release|Any CPU
		{915B87F2-3234-4CEA-82B2-90E6EF77DD2E}.Debug|Any CPU.ActiveCfg = Debug|Any CPU
		{915B87F2-3234-4CEA-82B2-90E6EF77DD2E}.Debug|Any CPU.Build.0 = Debug|Any CPU
		{915B87F2-3234-4CEA-82B2-90E6EF77DD2E}.Release|Any CPU.ActiveCfg = Release|Any CPU
		{915B87F2-3234-4CEA-82B2-90E6EF77DD2E}.Release|Any CPU.Build.0 = Release|Any CPU
	EndGlobalSection
	GlobalSection(SolutionProperties) = preSolution
		HideSolutionNode = FALSE
	EndGlobalSection
	GlobalSection(NestedProjects) = preSolution
		{C696A059-70D0-4F2E-8FAF-4180D35BAE2A} = {720467AD-AB6C-4516-89DF-30E38E3435E1}
		{0CFB2CCB-03CA-4C60-B6B3-AEF5211A582A} = {720467AD-AB6C-4516-89DF-30E38E3435E1}
		{107F8112-1091-4810-9C77-64C43DD2419C} = {FCCED92B-4167-4F02-8180-CBEC7AA8E186}
		{7F8F7881-214C-45E5-BB99-7339412D1681} = {58764E36-B2ED-4F11-9292-3096DB0F9883}
		{915B87F2-3234-4CEA-82B2-90E6EF77DD2E} = {1315EB90-9F8A-41D3-AD25-719E6723344D}
	EndGlobalSection
	GlobalSection(ExtensibilityGlobals) = postSolution
		SolutionGuid = {660AAEDF-443C-40AD-B030-16634EF46C6B}
	EndGlobalSection
EndGlobal
